
Microsoft Visual Studio Solution File, Format Version 12.00
# Visual Studio 15
Project("{FAE04EC0-301F-11D3-BF4B-00C04F79EFBC}") = "Assembly-CSharp", "Assembly-CSharp.csproj", "{0718B88F-7652-00CD-AF93-29C3FE16EAFB}"
EndProject
Global
	GlobalSection(SolutionConfigurationPlatforms) = preSolution
		Debug|Any CPU = Debug|Any CPU
		Release|Any CPU = Release|Any CPU
	EndGlobalSection
	GlobalSection(ProjectConfigurationPlatforms) = postSolution
		{0718B88F-7652-00CD-AF93-29C3FE16EAFB}.Debug|Any CPU.ActiveCfg = Debug|Any CPU
		{0718B88F-7652-00CD-AF93-29C3FE16EAFB}.Debug|Any CPU.Build.0 = Debug|Any CPU
		{0718B88F-7652-00CD-AF93-29C3FE16EAFB}.Release|Any CPU.ActiveCfg = Release|Any CPU
		{0718B88F-7652-00CD-AF93-29C3FE16EAFB}.Release|Any CPU.Build.0 = Release|Any CPU
	EndGlobalSection
	GlobalSection(SolutionProperties) = preSolution
		HideSolutionNode = FALSE
	EndGlobalSection
EndGlobal
